
Microsoft Visual Studio Solution File, Format Version 12.00
# Visual Studio Version 17
VisualStudioVersion = 17.9.34728.123
MinimumVisualStudioVersion = 10.0.40219.1
Project("{FAE04EC0-301F-11D3-BF4B-00C04F79EFBC}") = "ATMK-BANK", "ATMK-BANK.csproj", "{57BB552E-F4D5-4800-8722-9BC97CC231CD}"
EndProject
Global
	GlobalSection(SolutionConfigurationPlatforms) = preSolution
		Debug|Any CPU = Debug|Any CPU
		Release|Any CPU = Release|Any CPU
	EndGlobalSection
	GlobalSection(ProjectConfigurationPlatforms) = postSolution
		{57BB552E-F4D5-4800-8722-9BC97CC231CD}.Debug|Any CPU.ActiveCfg = Debug|Any CPU
		{57BB552E-F4D5-4800-8722-9BC97CC231CD}.Debug|Any CPU.Build.0 = Debug|Any CPU
		{57BB552E-F4D5-4800-8722-9BC97CC231CD}.Release|Any CPU.ActiveCfg = Release|Any CPU
		{57BB552E-F4D5-4800-8722-9BC97CC231CD}.Release|Any CPU.Build.0 = Release|Any CPU
	EndGlobalSection
	GlobalSection(SolutionProperties) = preSolution
		HideSolutionNode = FALSE
	EndGlobalSection
	GlobalSection(ExtensibilityGlobals) = postSolution
		SolutionGuid = {8DED0191-31BE-45E1-B10F-9A7ECFB0BC71}
	EndGlobalSection
EndGlobal
